
Microsoft Visual Studio Solution File, Format Version 12.00
# Visual Studio Version 17
VisualStudioVersion = 17.4.33213.308
MinimumVisualStudioVersion = 10.0.40219.1
Project("{FAE04EC0-301F-11D3-BF4B-00C04F79EFBC}") = "NewTask", "NewTask.csproj", "{E5B1BBC7-DFC7-4B6F-A621-E1C80BD00CBC}"
EndProject
Global
	GlobalSection(SolutionConfigurationPlatforms) = preSolution
		Debug|Any CPU = Debug|Any CPU
		Release|Any CPU = Release|Any CPU
	EndGlobalSection
	GlobalSection(ProjectConfigurationPlatforms) = postSolution
		{E5B1BBC7-DFC7-4B6F-A621-E1C80BD00CBC}.Debug|Any CPU.ActiveCfg = Debug|Any CPU
		{E5B1BBC7-DFC7-4B6F-A621-E1C80BD00CBC}.Debug|Any CPU.Build.0 = Debug|Any CPU
		{E5B1BBC7-DFC7-4B6F-A621-E1C80BD00CBC}.Release|Any CPU.ActiveCfg = Release|Any CPU
		{E5B1BBC7-DFC7-4B6F-A621-E1C80BD00CBC}.Release|Any CPU.Build.0 = Release|Any CPU
	EndGlobalSection
	GlobalSection(SolutionProperties) = preSolution
		HideSolutionNode = FALSE
	EndGlobalSection
	GlobalSection(ExtensibilityGlobals) = postSolution
		SolutionGuid = {21E9DEDC-C0B1-4792-83E9-626B5D38E171}
	EndGlobalSection
EndGlobal
